// !$*UTF8*$!
{
	archiveVersion = 1;
	classes = {
	};
	objectVersion = 50;
	objects = {

/* Begin PBXBuildFile section */
		0B36CF9371F482A1072F5D67 /* Pods_LvMP.framework in Frameworks */ = {isa = PBXBuildFile; fileRef = 5038AF3FCC4D999012F26665 /* Pods_LvMP.framework */; };
		651A84F12178099A004CB4C4 /* AlbumCollectionViewCell.swift in Sources */ = {isa = PBXBuildFile; fileRef = 651A84F02178099A004CB4C4 /* AlbumCollectionViewCell.swift */; };
		651A84F321784C78004CB4C4 /* AlbumInfoTableViewCell.swift in Sources */ = {isa = PBXBuildFile; fileRef = 651A84F221784C78004CB4C4 /* AlbumInfoTableViewCell.swift */; };
		651A84F521784C85004CB4C4 /* AlbumInfoTableViewHeader.swift in Sources */ = {isa = PBXBuildFile; fileRef = 651A84F421784C85004CB4C4 /* AlbumInfoTableViewHeader.swift */; };
		651A84F7217899A1004CB4C4 /* Player.swift in Sources */ = {isa = PBXBuildFile; fileRef = 651A84F6217899A1004CB4C4 /* Player.swift */; };
		653FD26C2164FD46004DFB0E /* RootViewController.swift in Sources */ = {isa = PBXBuildFile; fileRef = 653FD26B2164FD46004DFB0E /* RootViewController.swift */; };
		653FD26E216500BB004DFB0E /* Home.storyboard in Resources */ = {isa = PBXBuildFile; fileRef = 653FD26D216500BB004DFB0E /* Home.storyboard */; };
		654DC8092164D4BD00633005 /* ArtistListViewController.swift in Sources */ = {isa = PBXBuildFile; fileRef = 654DC8072164D4BD00633005 /* ArtistListViewController.swift */; };
		654DC8112164D54F00633005 /* MusicListViewController.swift in Sources */ = {isa = PBXBuildFile; fileRef = 654DC80F2164D54F00633005 /* MusicListViewController.swift */; };
		654DC8272164D88C00633005 /* Artist.storyboard in Resources */ = {isa = PBXBuildFile; fileRef = 654DC8262164D88C00633005 /* Artist.storyboard */; };
		654DC8292164D89100633005 /* Album.storyboard in Resources */ = {isa = PBXBuildFile; fileRef = 654DC8282164D89100633005 /* Album.storyboard */; };
		654DC82B2164D89700633005 /* Music.storyboard in Resources */ = {isa = PBXBuildFile; fileRef = 654DC82A2164D89700633005 /* Music.storyboard */; };
		654DC82D2164D89F00633005 /* Player.storyboard in Resources */ = {isa = PBXBuildFile; fileRef = 654DC82C2164D89F00633005 /* Player.storyboard */; };
		65547799215F27C500DA7BE9 /* SocketIOManager.swift in Sources */ = {isa = PBXBuildFile; fileRef = 65547798215F27C500DA7BE9 /* SocketIOManager.swift */; };
		6556D6EA21778504001D3527 /* ResponseFiles.swift in Sources */ = {isa = PBXBuildFile; fileRef = 6556D6E921778504001D3527 /* ResponseFiles.swift */; };
		65631F0D21649F8D00DFE750 /* MenuBar.xib in Resources */ = {isa = PBXBuildFile; fileRef = 65631F0C21649F8D00DFE750 /* MenuBar.xib */; };
		656D8C6621633913001D707C /* FilesManager.swift in Sources */ = {isa = PBXBuildFile; fileRef = 656D8C6521633913001D707C /* FilesManager.swift */; };
		657C887A215D0FA900C10363 /* Artist.swift in Sources */ = {isa = PBXBuildFile; fileRef = 657C8879215D0FA900C10363 /* Artist.swift */; };
		657C887C215D0FAE00C10363 /* Album.swift in Sources */ = {isa = PBXBuildFile; fileRef = 657C887B215D0FAE00C10363 /* Album.swift */; };
		657C887E215D0FE300C10363 /* Music.swift in Sources */ = {isa = PBXBuildFile; fileRef = 657C887D215D0FE300C10363 /* Music.swift */; };
		657C8880215D0FF600C10363 /* Playlist.swift in Sources */ = {isa = PBXBuildFile; fileRef = 657C887F215D0FF600C10363 /* Playlist.swift */; };
		657C8884215D206400C10363 /* HomeViewController.swift in Sources */ = {isa = PBXBuildFile; fileRef = 657C8883215D206400C10363 /* HomeViewController.swift */; };
		657C8888215D207C00C10363 /* AlbumListViewController.swift in Sources */ = {isa = PBXBuildFile; fileRef = 657C8887215D207C00C10363 /* AlbumListViewController.swift */; };
		65C045DC21659502009B946B /* OST.jpg in Resources */ = {isa = PBXBuildFile; fileRef = 65C045DB21659502009B946B /* OST.jpg */; };
		65C045E32165DD1C009B946B /* MenuBar.swift in Sources */ = {isa = PBXBuildFile; fileRef = 65C045E22165DD1C009B946B /* MenuBar.swift */; };
		65C045E52165DD31009B946B /* PlayerViewController.swift in Sources */ = {isa = PBXBuildFile; fileRef = 65C045E42165DD31009B946B /* PlayerViewController.swift */; };
		65C5C7E82146299A0061F884 /* AppDelegate.swift in Sources */ = {isa = PBXBuildFile; fileRef = 65C5C7E72146299A0061F884 /* AppDelegate.swift */; };
		65C5C7EF2146299B0061F884 /* Assets.xcassets in Resources */ = {isa = PBXBuildFile; fileRef = 65C5C7EE2146299B0061F884 /* Assets.xcassets */; };
		65C5C7F22146299B0061F884 /* LaunchScreen.storyboard in Resources */ = {isa = PBXBuildFile; fileRef = 65C5C7F02146299B0061F884 /* LaunchScreen.storyboard */; };
		65DE80A0215CEC2600D4EEB4 /* Root.storyboard in Resources */ = {isa = PBXBuildFile; fileRef = 65DE809F215CEC2600D4EEB4 /* Root.storyboard */; };
		65FE7C7C21757198002DE3E0 /* NewAlbumCollectionViewCell.swift in Sources */ = {isa = PBXBuildFile; fileRef = 65FE7C7B21757198002DE3E0 /* NewAlbumCollectionViewCell.swift */; };
		65FE7C7F2175AF11002DE3E0 /* AlbumInfo.storyboard in Resources */ = {isa = PBXBuildFile; fileRef = 65FE7C7E2175AF11002DE3E0 /* AlbumInfo.storyboard */; };
		65FE7C812175AF21002DE3E0 /* AlbumInfoViewController.swift in Sources */ = {isa = PBXBuildFile; fileRef = 65FE7C802175AF21002DE3E0 /* AlbumInfoViewController.swift */; };
		65FE7C842175B6EB002DE3E0 /* MusicTableViewCell.swift in Sources */ = {isa = PBXBuildFile; fileRef = 65FE7C832175B6EB002DE3E0 /* MusicTableViewCell.swift */; };
		65FE7C8A2175D6F1002DE3E0 /* Utility.swift in Sources */ = {isa = PBXBuildFile; fileRef = 65FE7C882175D6F1002DE3E0 /* Utility.swift */; };
		65FE7C8B2175D6F1002DE3E0 /* Mask.png in Resources */ = {isa = PBXBuildFile; fileRef = 65FE7C892175D6F1002DE3E0 /* Mask.png */; };
		65FE7C8D2175E1AD002DE3E0 /* ArtistTableViewCell.swift in Sources */ = {isa = PBXBuildFile; fileRef = 65FE7C8C2175E1AD002DE3E0 /* ArtistTableViewCell.swift */; };
/* End PBXBuildFile section */

/* Begin PBXFileReference section */
		38BF3092048BFBF9E6190E82 /* Pods-LvMP.release.xcconfig */ = {isa = PBXFileReference; includeInIndex = 1; lastKnownFileType = text.xcconfig; name = "Pods-LvMP.release.xcconfig"; path = "Pods/Target Support Files/Pods-LvMP/Pods-LvMP.release.xcconfig"; sourceTree = "<group>"; };
		5038AF3FCC4D999012F26665 /* Pods_LvMP.framework */ = {isa = PBXFileReference; explicitFileType = wrapper.framework; includeInIndex = 0; path = Pods_LvMP.framework; sourceTree = BUILT_PRODUCTS_DIR; };
		651A84F02178099A004CB4C4 /* AlbumCollectionViewCell.swift */ = {isa = PBXFileReference; lastKnownFileType = sourcecode.swift; path = AlbumCollectionViewCell.swift; sourceTree = "<group>"; };
		651A84F221784C78004CB4C4 /* AlbumInfoTableViewCell.swift */ = {isa = PBXFileReference; lastKnownFileType = sourcecode.swift; path = AlbumInfoTableViewCell.swift; sourceTree = "<group>"; };
		651A84F421784C85004CB4C4 /* AlbumInfoTableViewHeader.swift */ = {isa = PBXFileReference; lastKnownFileType = sourcecode.swift; path = AlbumInfoTableViewHeader.swift; sourceTree = "<group>"; };
		651A84F6217899A1004CB4C4 /* Player.swift */ = {isa = PBXFileReference; lastKnownFileType = sourcecode.swift; path = Player.swift; sourceTree = "<group>"; };
		653FD26B2164FD46004DFB0E /* RootViewController.swift */ = {isa = PBXFileReference; lastKnownFileType = sourcecode.swift; path = RootViewController.swift; sourceTree = "<group>"; };
		653FD26D216500BB004DFB0E /* Home.storyboard */ = {isa = PBXFileReference; lastKnownFileType = file.storyboard; path = Home.storyboard; sourceTree = "<group>"; };
		654DC8072164D4BD00633005 /* ArtistListViewController.swift */ = {isa = PBXFileReference; lastKnownFileType = sourcecode.swift; path = ArtistListViewController.swift; sourceTree = "<group>"; };
		654DC80F2164D54F00633005 /* MusicListViewController.swift */ = {isa = PBXFileReference; lastKnownFileType = sourcecode.swift; path = MusicListViewController.swift; sourceTree = "<group>"; };
		654DC8262164D88C00633005 /* Artist.storyboard */ = {isa = PBXFileReference; lastKnownFileType = file.storyboard; path = Artist.storyboard; sourceTree = "<group>"; };
		654DC8282164D89100633005 /* Album.storyboard */ = {isa = PBXFileReference; lastKnownFileType = file.storyboard; path = Album.storyboard; sourceTree = "<group>"; };
		654DC82A2164D89700633005 /* Music.storyboard */ = {isa = PBXFileReference; lastKnownFileType = file.storyboard; path = Music.storyboard; sourceTree = "<group>"; };
		654DC82C2164D89F00633005 /* Player.storyboard */ = {isa = PBXFileReference; lastKnownFileType = file.storyboard; path = Player.storyboard; sourceTree = "<group>"; };
		65547798215F27C500DA7BE9 /* SocketIOManager.swift */ = {isa = PBXFileReference; lastKnownFileType = sourcecode.swift; path = SocketIOManager.swift; sourceTree = "<group>"; };
		6556D6E921778504001D3527 /* ResponseFiles.swift */ = {isa = PBXFileReference; lastKnownFileType = sourcecode.swift; path = ResponseFiles.swift; sourceTree = "<group>"; };
		65631F0C21649F8D00DFE750 /* MenuBar.xib */ = {isa = PBXFileReference; lastKnownFileType = file.xib; path = MenuBar.xib; sourceTree = "<group>"; };
		656D8C6521633913001D707C /* FilesManager.swift */ = {isa = PBXFileReference; lastKnownFileType = sourcecode.swift; path = FilesManager.swift; sourceTree = "<group>"; };
		657C8879215D0FA900C10363 /* Artist.swift */ = {isa = PBXFileReference; lastKnownFileType = sourcecode.swift; path = Artist.swift; sourceTree = "<group>"; };
		657C887B215D0FAE00C10363 /* Album.swift */ = {isa = PBXFileReference; lastKnownFileType = sourcecode.swift; path = Album.swift; sourceTree = "<group>"; };
		657C887D215D0FE300C10363 /* Music.swift */ = {isa = PBXFileReference; lastKnownFileType = sourcecode.swift; path = Music.swift; sourceTree = "<group>"; };
		657C887F215D0FF600C10363 /* Playlist.swift */ = {isa = PBXFileReference; lastKnownFileType = sourcecode.swift; path = Playlist.swift; sourceTree = "<group>"; };
		657C8883215D206400C10363 /* HomeViewController.swift */ = {isa = PBXFileReference; lastKnownFileType = sourcecode.swift; path = HomeViewController.swift; sourceTree = "<group>"; };
		657C8887215D207C00C10363 /* AlbumListViewController.swift */ = {isa = PBXFileReference; lastKnownFileType = sourcecode.swift; path = AlbumListViewController.swift; sourceTree = "<group>"; };
		65C045DB21659502009B946B /* OST.jpg */ = {isa = PBXFileReference; lastKnownFileType = image.jpeg; name = OST.jpg; path = ../../../../../../Desktop/LvMP/Sketch/Album_Art/OST.jpg; sourceTree = "<group>"; };
		65C045E22165DD1C009B946B /* MenuBar.swift */ = {isa = PBXFileReference; fileEncoding = 4; lastKnownFileType = sourcecode.swift; path = MenuBar.swift; sourceTree = "<group>"; };
		65C045E42165DD31009B946B /* PlayerViewController.swift */ = {isa = PBXFileReference; fileEncoding = 4; lastKnownFileType = sourcecode.swift; path = PlayerViewController.swift; sourceTree = "<group>"; };
		65C5C7E42146299A0061F884 /* LvMP.app */ = {isa = PBXFileReference; explicitFileType = wrapper.application; includeInIndex = 0; path = LvMP.app; sourceTree = BUILT_PRODUCTS_DIR; };
		65C5C7E72146299A0061F884 /* AppDelegate.swift */ = {isa = PBXFileReference; lastKnownFileType = sourcecode.swift; path = AppDelegate.swift; sourceTree = "<group>"; };
		65C5C7EE2146299B0061F884 /* Assets.xcassets */ = {isa = PBXFileReference; lastKnownFileType = folder.assetcatalog; path = Assets.xcassets; sourceTree = "<group>"; };
		65C5C7F12146299B0061F884 /* Base */ = {isa = PBXFileReference; lastKnownFileType = file.storyboard; name = Base; path = Base.lproj/LaunchScreen.storyboard; sourceTree = "<group>"; };
		65C5C7F32146299B0061F884 /* Info.plist */ = {isa = PBXFileReference; lastKnownFileType = text.plist.xml; path = Info.plist; sourceTree = "<group>"; };
		65DE809F215CEC2600D4EEB4 /* Root.storyboard */ = {isa = PBXFileReference; lastKnownFileType = file.storyboard; path = Root.storyboard; sourceTree = "<group>"; };
		65FE7C7B21757198002DE3E0 /* NewAlbumCollectionViewCell.swift */ = {isa = PBXFileReference; lastKnownFileType = sourcecode.swift; path = NewAlbumCollectionViewCell.swift; sourceTree = "<group>"; };
		65FE7C7E2175AF11002DE3E0 /* AlbumInfo.storyboard */ = {isa = PBXFileReference; lastKnownFileType = file.storyboard; path = AlbumInfo.storyboard; sourceTree = "<group>"; };
		65FE7C802175AF21002DE3E0 /* AlbumInfoViewController.swift */ = {isa = PBXFileReference; lastKnownFileType = sourcecode.swift; path = AlbumInfoViewController.swift; sourceTree = "<group>"; };
		65FE7C832175B6EB002DE3E0 /* MusicTableViewCell.swift */ = {isa = PBXFileReference; lastKnownFileType = sourcecode.swift; path = MusicTableViewCell.swift; sourceTree = "<group>"; };
		65FE7C882175D6F1002DE3E0 /* Utility.swift */ = {isa = PBXFileReference; fileEncoding = 4; lastKnownFileType = sourcecode.swift; name = Utility.swift; path = LvMP/Utillity/Utility.swift; sourceTree = SOURCE_ROOT; };
		65FE7C892175D6F1002DE3E0 /* Mask.png */ = {isa = PBXFileReference; lastKnownFileType = image.png; name = Mask.png; path = LvMP/Utillity/Mask.png; sourceTree = SOURCE_ROOT; };
		65FE7C8C2175E1AD002DE3E0 /* ArtistTableViewCell.swift */ = {isa = PBXFileReference; lastKnownFileType = sourcecode.swift; path = ArtistTableViewCell.swift; sourceTree = "<group>"; };
		D2F16CE1EB45C20E1AF67012 /* Pods-LvMP.debug.xcconfig */ = {isa = PBXFileReference; includeInIndex = 1; lastKnownFileType = text.xcconfig; name = "Pods-LvMP.debug.xcconfig"; path = "Pods/Target Support Files/Pods-LvMP/Pods-LvMP.debug.xcconfig"; sourceTree = "<group>"; };
/* End PBXFileReference section */

/* Begin PBXFrameworksBuildPhase section */
		65C5C7E12146299A0061F884 /* Frameworks */ = {
			isa = PBXFrameworksBuildPhase;
			buildActionMask = 2147483647;
			files = (
				0B36CF9371F482A1072F5D67 /* Pods_LvMP.framework in Frameworks */,
			);
			runOnlyForDeploymentPostprocessing = 0;
		};
/* End PBXFrameworksBuildPhase section */

/* Begin PBXGroup section */
		23947B67D0028EFA5F84C345 /* Frameworks */ = {
			isa = PBXGroup;
			children = (
				5038AF3FCC4D999012F26665 /* Pods_LvMP.framework */,
			);
			name = Frameworks;
			sourceTree = "<group>";
		};
		36B2A04554E83A7A06C1A22C /* Pods */ = {
			isa = PBXGroup;
			children = (
				D2F16CE1EB45C20E1AF67012 /* Pods-LvMP.debug.xcconfig */,
				38BF3092048BFBF9E6190E82 /* Pods-LvMP.release.xcconfig */,
			);
			name = Pods;
			sourceTree = "<group>";
		};
		657C8878215D0F7F00C10363 /* Model */ = {
			isa = PBXGroup;
			children = (
				657C887D215D0FE300C10363 /* Music.swift */,
				657C887B215D0FAE00C10363 /* Album.swift */,
				657C8879215D0FA900C10363 /* Artist.swift */,
				657C887F215D0FF600C10363 /* Playlist.swift */,
				656D8C6521633913001D707C /* FilesManager.swift */,
				6556D6E921778504001D3527 /* ResponseFiles.swift */,
				651A84F6217899A1004CB4C4 /* Player.swift */,
			);
			path = Model;
			sourceTree = "<group>";
		};
		657C8881215D204000C10363 /* Network */ = {
			isa = PBXGroup;
			children = (
				65547798215F27C500DA7BE9 /* SocketIOManager.swift */,
			);
			path = Network;
			sourceTree = "<group>";
		};
		657C8882215D205100C10363 /* Menu */ = {
			isa = PBXGroup;
			children = (
				65631F0C21649F8D00DFE750 /* MenuBar.xib */,
				65C045E22165DD1C009B946B /* MenuBar.swift */,
			);
			path = Menu;
			sourceTree = "<group>";
		};
		65C045DD2165DB7D009B946B /* Root */ = {
			isa = PBXGroup;
			children = (
				65DE809F215CEC2600D4EEB4 /* Root.storyboard */,
				653FD26B2164FD46004DFB0E /* RootViewController.swift */,
			);
			path = Root;
			sourceTree = "<group>";
		};
		65C045DE2165DB82009B946B /* Home */ = {
			isa = PBXGroup;
			children = (
				653FD26D216500BB004DFB0E /* Home.storyboard */,
				657C8883215D206400C10363 /* HomeViewController.swift */,
				65FE7C7B21757198002DE3E0 /* NewAlbumCollectionViewCell.swift */,
			);
			path = Home;
			sourceTree = "<group>";
		};
		65C045DF2165DB89009B946B /* Music */ = {
			isa = PBXGroup;
			children = (
				654DC82A2164D89700633005 /* Music.storyboard */,
				654DC80F2164D54F00633005 /* MusicListViewController.swift */,
				65FE7C832175B6EB002DE3E0 /* MusicTableViewCell.swift */,
			);
			path = Music;
			sourceTree = "<group>";
		};
		65C045E02165DB8F009B946B /* Artist */ = {
			isa = PBXGroup;
			children = (
				654DC8262164D88C00633005 /* Artist.storyboard */,
				654DC8072164D4BD00633005 /* ArtistListViewController.swift */,
				65FE7C8C2175E1AD002DE3E0 /* ArtistTableViewCell.swift */,
			);
			path = Artist;
			sourceTree = "<group>";
		};
		65C045E12165DB96009B946B /* Album */ = {
			isa = PBXGroup;
			children = (
				654DC8282164D89100633005 /* Album.storyboard */,
				657C8887215D207C00C10363 /* AlbumListViewController.swift */,
				651A84F02178099A004CB4C4 /* AlbumCollectionViewCell.swift */,
			);
			path = Album;
			sourceTree = "<group>";
		};
		65C045E62165DD54009B946B /* View */ = {
			isa = PBXGroup;
			children = (
				65DE8098215CEA9100D4EEB4 /* Player */,
				65C045DD2165DB7D009B946B /* Root */,
				65C045DE2165DB82009B946B /* Home */,
				65C045DF2165DB89009B946B /* Music */,
				65C045E02165DB8F009B946B /* Artist */,
				65C045E12165DB96009B946B /* Album */,
				65FE7C7D2175AEF0002DE3E0 /* AlbumInfo */,
			);
			path = View;
			sourceTree = "<group>";
		};
		65C5C7DB2146299A0061F884 = {
			isa = PBXGroup;
			children = (
				65C5C7E62146299A0061F884 /* LvMP */,
				65C5C7E52146299A0061F884 /* Products */,
				36B2A04554E83A7A06C1A22C /* Pods */,
				23947B67D0028EFA5F84C345 /* Frameworks */,
			);
			sourceTree = "<group>";
		};
		65C5C7E52146299A0061F884 /* Products */ = {
			isa = PBXGroup;
			children = (
				65C5C7E42146299A0061F884 /* LvMP.app */,
			);
			name = Products;
			sourceTree = "<group>";
		};
		65C5C7E62146299A0061F884 /* LvMP */ = {
			isa = PBXGroup;
			children = (
				65FE7C872175D6D0002DE3E0 /* Utillity */,
				65C045E62165DD54009B946B /* View */,
				65C045DB21659502009B946B /* OST.jpg */,
				657C8882215D205100C10363 /* Menu */,
				657C8881215D204000C10363 /* Network */,
				657C8878215D0F7F00C10363 /* Model */,
				65C5C7E72146299A0061F884 /* AppDelegate.swift */,
				65C5C7EE2146299B0061F884 /* Assets.xcassets */,
				65C5C7F02146299B0061F884 /* LaunchScreen.storyboard */,
				65C5C7F32146299B0061F884 /* Info.plist */,
			);
			path = LvMP;
			sourceTree = "<group>";
		};
		65DE8098215CEA9100D4EEB4 /* Player */ = {
			isa = PBXGroup;
			children = (
				654DC82C2164D89F00633005 /* Player.storyboard */,
				65C045E42165DD31009B946B /* PlayerViewController.swift */,
			);
			path = Player;
			sourceTree = "<group>";
		};
		65FE7C7D2175AEF0002DE3E0 /* AlbumInfo */ = {
			isa = PBXGroup;
			children = (
				65FE7C7E2175AF11002DE3E0 /* AlbumInfo.storyboard */,
				651A84F221784C78004CB4C4 /* AlbumInfoTableViewCell.swift */,
				651A84F421784C85004CB4C4 /* AlbumInfoTableViewHeader.swift */,
				65FE7C802175AF21002DE3E0 /* AlbumInfoViewController.swift */,
			);
			path = AlbumInfo;
			sourceTree = "<group>";
		};
		65FE7C872175D6D0002DE3E0 /* Utillity */ = {
			isa = PBXGroup;
			children = (
				65FE7C892175D6F1002DE3E0 /* Mask.png */,
				65FE7C882175D6F1002DE3E0 /* Utility.swift */,
			);
			name = Utillity;
			path = "New Group";
			sourceTree = "<group>";
		};
/* End PBXGroup section */

/* Begin PBXNativeTarget section */
		65C5C7E32146299A0061F884 /* LvMP */ = {
			isa = PBXNativeTarget;
			buildConfigurationList = 65C5C7F62146299B0061F884 /* Build configuration list for PBXNativeTarget "LvMP" */;
			buildPhases = (
				421A6B741716AA873CCE0AE0 /* [CP] Check Pods Manifest.lock */,
				65C5C7E02146299A0061F884 /* Sources */,
				65C5C7E12146299A0061F884 /* Frameworks */,
				65C5C7E22146299A0061F884 /* Resources */,
				EB9A01C359DE652CF90B570A /* [CP] Embed Pods Frameworks */,
			);
			buildRules = (
			);
			dependencies = (
			);
			name = LvMP;
			productName = LvMP;
			productReference = 65C5C7E42146299A0061F884 /* LvMP.app */;
			productType = "com.apple.product-type.application";
		};
/* End PBXNativeTarget section */

/* Begin PBXProject section */
		65C5C7DC2146299A0061F884 /* Project object */ = {
			isa = PBXProject;
			attributes = {
				LastSwiftUpdateCheck = 0940;
				LastUpgradeCheck = 0940;
				ORGANIZATIONNAME = "Jinu Kim";
				TargetAttributes = {
					65C5C7E32146299A0061F884 = {
						CreatedOnToolsVersion = 9.4.1;
						LastSwiftMigration = 1000;
					};
				};
			};
			buildConfigurationList = 65C5C7DF2146299A0061F884 /* Build configuration list for PBXProject "LvMP" */;
			compatibilityVersion = "Xcode 9.3";
			developmentRegion = en;
			hasScannedForEncodings = 0;
			knownRegions = (
				en,
				Base,
			);
			mainGroup = 65C5C7DB2146299A0061F884;
			productRefGroup = 65C5C7E52146299A0061F884 /* Products */;
			projectDirPath = "";
			projectRoot = "";
			targets = (
				65C5C7E32146299A0061F884 /* LvMP */,
			);
		};
/* End PBXProject section */

/* Begin PBXResourcesBuildPhase section */
		65C5C7E22146299A0061F884 /* Resources */ = {
			isa = PBXResourcesBuildPhase;
			buildActionMask = 2147483647;
			files = (
				653FD26E216500BB004DFB0E /* Home.storyboard in Resources */,
				65C5C7F22146299B0061F884 /* LaunchScreen.storyboard in Resources */,
				65FE7C7F2175AF11002DE3E0 /* AlbumInfo.storyboard in Resources */,
				65FE7C8B2175D6F1002DE3E0 /* Mask.png in Resources */,
				65C5C7EF2146299B0061F884 /* Assets.xcassets in Resources */,
				654DC82B2164D89700633005 /* Music.storyboard in Resources */,
				654DC8292164D89100633005 /* Album.storyboard in Resources */,
				65C045DC21659502009B946B /* OST.jpg in Resources */,
				65DE80A0215CEC2600D4EEB4 /* Root.storyboard in Resources */,
				654DC82D2164D89F00633005 /* Player.storyboard in Resources */,
				65631F0D21649F8D00DFE750 /* MenuBar.xib in Resources */,
				654DC8272164D88C00633005 /* Artist.storyboard in Resources */,
			);
			runOnlyForDeploymentPostprocessing = 0;
		};
/* End PBXResourcesBuildPhase section */

/* Begin PBXShellScriptBuildPhase section */
		421A6B741716AA873CCE0AE0 /* [CP] Check Pods Manifest.lock */ = {
			isa = PBXShellScriptBuildPhase;
			buildActionMask = 2147483647;
			files = (
			);
			inputPaths = (
				"${PODS_PODFILE_DIR_PATH}/Podfile.lock",
				"${PODS_ROOT}/Manifest.lock",
			);
			name = "[CP] Check Pods Manifest.lock";
			outputPaths = (
				"$(DERIVED_FILE_DIR)/Pods-LvMP-checkManifestLockResult.txt",
			);
			runOnlyForDeploymentPostprocessing = 0;
			shellPath = /bin/sh;
			shellScript = "diff \"${PODS_PODFILE_DIR_PATH}/Podfile.lock\" \"${PODS_ROOT}/Manifest.lock\" > /dev/null\nif [ $? != 0 ] ; then\n    # print error to STDERR\n    echo \"error: The sandbox is not in sync with the Podfile.lock. Run 'pod install' or update your CocoaPods installation.\" >&2\n    exit 1\nfi\n# This output is used by Xcode 'outputs' to avoid re-running this script phase.\necho \"SUCCESS\" > \"${SCRIPT_OUTPUT_FILE_0}\"\n";
			showEnvVarsInLog = 0;
		};
		EB9A01C359DE652CF90B570A /* [CP] Embed Pods Frameworks */ = {
			isa = PBXShellScriptBuildPhase;
			buildActionMask = 2147483647;
			files = (
			);
			inputPaths = (
				"${SRCROOT}/Pods/Target Support Files/Pods-LvMP/Pods-LvMP-frameworks.sh",
				"${BUILT_PRODUCTS_DIR}/Alamofire/Alamofire.framework",
				"${BUILT_PRODUCTS_DIR}/Realm/Realm.framework",
				"${BUILT_PRODUCTS_DIR}/RealmSwift/RealmSwift.framework",
				"${BUILT_PRODUCTS_DIR}/Socket.IO-Client-Swift/SocketIO.framework",
				"${BUILT_PRODUCTS_DIR}/Starscream/Starscream.framework",
			);
			name = "[CP] Embed Pods Frameworks";
			outputPaths = (
				"${TARGET_BUILD_DIR}/${FRAMEWORKS_FOLDER_PATH}/Alamofire.framework",
				"${TARGET_BUILD_DIR}/${FRAMEWORKS_FOLDER_PATH}/Realm.framework",
				"${TARGET_BUILD_DIR}/${FRAMEWORKS_FOLDER_PATH}/RealmSwift.framework",
				"${TARGET_BUILD_DIR}/${FRAMEWORKS_FOLDER_PATH}/SocketIO.framework",
				"${TARGET_BUILD_DIR}/${FRAMEWORKS_FOLDER_PATH}/Starscream.framework",
			);
			runOnlyForDeploymentPostprocessing = 0;
			shellPath = /bin/sh;
			shellScript = "\"${SRCROOT}/Pods/Target Support Files/Pods-LvMP/Pods-LvMP-frameworks.sh\"\n";
			showEnvVarsInLog = 0;
		};
/* End PBXShellScriptBuildPhase section */

/* Begin PBXSourcesBuildPhase section */
		65C5C7E02146299A0061F884 /* Sources */ = {
			isa = PBXSourcesBuildPhase;
			buildActionMask = 2147483647;
			files = (
				65FE7C812175AF21002DE3E0 /* AlbumInfoViewController.swift in Sources */,
				65FE7C842175B6EB002DE3E0 /* MusicTableViewCell.swift in Sources */,
				65FE7C8A2175D6F1002DE3E0 /* Utility.swift in Sources */,
				657C8884215D206400C10363 /* HomeViewController.swift in Sources */,
				651A84F7217899A1004CB4C4 /* Player.swift in Sources */,
				6556D6EA21778504001D3527 /* ResponseFiles.swift in Sources */,
				657C887A215D0FA900C10363 /* Artist.swift in Sources */,
				651A84F12178099A004CB4C4 /* AlbumCollectionViewCell.swift in Sources */,
				654DC8092164D4BD00633005 /* ArtistListViewController.swift in Sources */,
				65C045E52165DD31009B946B /* PlayerViewController.swift in Sources */,
				65547799215F27C500DA7BE9 /* SocketIOManager.swift in Sources */,
				653FD26C2164FD46004DFB0E /* RootViewController.swift in Sources */,
				656D8C6621633913001D707C /* FilesManager.swift in Sources */,
				654DC8112164D54F00633005 /* MusicListViewController.swift in Sources */,
				657C887E215D0FE300C10363 /* Music.swift in Sources */,
				65FE7C8D2175E1AD002DE3E0 /* ArtistTableViewCell.swift in Sources */,
				65FE7C7C21757198002DE3E0 /* NewAlbumCollectionViewCell.swift in Sources */,
				651A84F521784C85004CB4C4 /* AlbumInfoTableViewHeader.swift in Sources */,
				65C5C7E82146299A0061F884 /* AppDelegate.swift in Sources */,
				657C887C215D0FAE00C10363 /* Album.swift in Sources */,
				657C8888215D207C00C10363 /* AlbumListViewController.swift in Sources */,
				657C8880215D0FF600C10363 /* Playlist.swift in Sources */,
				65C045E32165DD1C009B946B /* MenuBar.swift in Sources */,
				651A84F321784C78004CB4C4 /* AlbumInfoTableViewCell.swift in Sources */,
			);
			runOnlyForDeploymentPostprocessing = 0;
		};
/* End PBXSourcesBuildPhase section */

/* Begin PBXVariantGroup section */
		65C5C7F02146299B0061F884 /* LaunchScreen.storyboard */ = {
			isa = PBXVariantGroup;
			children = (
				65C5C7F12146299B0061F884 /* Base */,
			);
			name = LaunchScreen.storyboard;
			sourceTree = "<group>";
		};
/* End PBXVariantGroup section */

/* Begin XCBuildConfiguration section */
		65C5C7F42146299B0061F884 /* Debug */ = {
			isa = XCBuildConfiguration;
			buildSettings = {
				ALWAYS_SEARCH_USER_PATHS = NO;
				CLANG_ANALYZER_NONNULL = YES;
				CLANG_ANALYZER_NUMBER_OBJECT_CONVERSION = YES_AGGRESSIVE;
				CLANG_CXX_LANGUAGE_STANDARD = "gnu++14";
				CLANG_CXX_LIBRARY = "libc++";
				CLANG_ENABLE_MODULES = YES;
				CLANG_ENABLE_OBJC_ARC = YES;
				CLANG_ENABLE_OBJC_WEAK = YES;
				CLANG_WARN_BLOCK_CAPTURE_AUTORELEASING = YES;
				CLANG_WARN_BOOL_CONVERSION = YES;
				CLANG_WARN_COMMA = YES;
				CLANG_WARN_CONSTANT_CONVERSION = YES;
				CLANG_WARN_DEPRECATED_OBJC_IMPLEMENTATIONS = YES;
				CLANG_WARN_DIRECT_OBJC_ISA_USAGE = YES_ERROR;
				CLANG_WARN_DOCUMENTATION_COMMENTS = YES;
				CLANG_WARN_EMPTY_BODY = YES;
				CLANG_WARN_ENUM_CONVERSION = YES;
				CLANG_WARN_INFINITE_RECURSION = YES;
				CLANG_WARN_INT_CONVERSION = YES;
				CLANG_WARN_NON_LITERAL_NULL_CONVERSION = YES;
				CLANG_WARN_OBJC_IMPLICIT_RETAIN_SELF = YES;
				CLANG_WARN_OBJC_LITERAL_CONVERSION = YES;
				CLANG_WARN_OBJC_ROOT_CLASS = YES_ERROR;
				CLANG_WARN_RANGE_LOOP_ANALYSIS = YES;
				CLANG_WARN_STRICT_PROTOTYPES = YES;
				CLANG_WARN_SUSPICIOUS_MOVE = YES;
				CLANG_WARN_UNGUARDED_AVAILABILITY = YES_AGGRESSIVE;
				CLANG_WARN_UNREACHABLE_CODE = YES;
				CLANG_WARN__DUPLICATE_METHOD_MATCH = YES;
				CODE_SIGN_IDENTITY = "iPhone Developer";
				COPY_PHASE_STRIP = NO;
				DEBUG_INFORMATION_FORMAT = dwarf;
				ENABLE_STRICT_OBJC_MSGSEND = YES;
				ENABLE_TESTABILITY = YES;
				GCC_C_LANGUAGE_STANDARD = gnu11;
				GCC_DYNAMIC_NO_PIC = NO;
				GCC_NO_COMMON_BLOCKS = YES;
				GCC_OPTIMIZATION_LEVEL = 0;
				GCC_PREPROCESSOR_DEFINITIONS = (
					"DEBUG=1",
					"$(inherited)",
				);
				GCC_WARN_64_TO_32_BIT_CONVERSION = YES;
				GCC_WARN_ABOUT_RETURN_TYPE = YES_ERROR;
				GCC_WARN_UNDECLARED_SELECTOR = YES;
				GCC_WARN_UNINITIALIZED_AUTOS = YES_AGGRESSIVE;
				GCC_WARN_UNUSED_FUNCTION = YES;
				GCC_WARN_UNUSED_VARIABLE = YES;
				IPHONEOS_DEPLOYMENT_TARGET = 11.4;
				MTL_ENABLE_DEBUG_INFO = YES;
				ONLY_ACTIVE_ARCH = YES;
				SDKROOT = iphoneos;
				SWIFT_ACTIVE_COMPILATION_CONDITIONS = DEBUG;
				SWIFT_OPTIMIZATION_LEVEL = "-Onone";
			};
			name = Debug;
		};
		65C5C7F52146299B0061F884 /* Release */ = {
			isa = XCBuildConfiguration;
			buildSettings = {
				ALWAYS_SEARCH_USER_PATHS = NO;
				CLANG_ANALYZER_NONNULL = YES;
				CLANG_ANALYZER_NUMBER_OBJECT_CONVERSION = YES_AGGRESSIVE;
				CLANG_CXX_LANGUAGE_STANDARD = "gnu++14";
				CLANG_CXX_LIBRARY = "libc++";
				CLANG_ENABLE_MODULES = YES;
				CLANG_ENABLE_OBJC_ARC = YES;
				CLANG_ENABLE_OBJC_WEAK = YES;
				CLANG_WARN_BLOCK_CAPTURE_AUTORELEASING = YES;
				CLANG_WARN_BOOL_CONVERSION = YES;
				CLANG_WARN_COMMA = YES;
				CLANG_WARN_CONSTANT_CONVERSION = YES;
				CLANG_WARN_DEPRECATED_OBJC_IMPLEMENTATIONS = YES;
				CLANG_WARN_DIRECT_OBJC_ISA_USAGE = YES_ERROR;
				CLANG_WARN_DOCUMENTATION_COMMENTS = YES;
				CLANG_WARN_EMPTY_BODY = YES;
				CLANG_WARN_ENUM_CONVERSION = YES;
				CLANG_WARN_INFINITE_RECURSION = YES;
				CLANG_WARN_INT_CONVERSION = YES;
				CLANG_WARN_NON_LITERAL_NULL_CONVERSION = YES;
				CLANG_WARN_OBJC_IMPLICIT_RETAIN_SELF = YES;
				CLANG_WARN_OBJC_LITERAL_CONVERSION = YES;
				CLANG_WARN_OBJC_ROOT_CLASS = YES_ERROR;
				CLANG_WARN_RANGE_LOOP_ANALYSIS = YES;
				CLANG_WARN_STRICT_PROTOTYPES = YES;
				CLANG_WARN_SUSPICIOUS_MOVE = YES;
				CLANG_WARN_UNGUARDED_AVAILABILITY = YES_AGGRESSIVE;
				CLANG_WARN_UNREACHABLE_CODE = YES;
				CLANG_WARN__DUPLICATE_METHOD_MATCH = YES;
				CODE_SIGN_IDENTITY = "iPhone Developer";
				COPY_PHASE_STRIP = NO;
				DEBUG_INFORMATION_FORMAT = "dwarf-with-dsym";
				ENABLE_NS_ASSERTIONS = NO;
				ENABLE_STRICT_OBJC_MSGSEND = YES;
				GCC_C_LANGUAGE_STANDARD = gnu11;
				GCC_NO_COMMON_BLOCKS = YES;
				GCC_WARN_64_TO_32_BIT_CONVERSION = YES;
				GCC_WARN_ABOUT_RETURN_TYPE = YES_ERROR;
				GCC_WARN_UNDECLARED_SELECTOR = YES;
				GCC_WARN_UNINITIALIZED_AUTOS = YES_AGGRESSIVE;
				GCC_WARN_UNUSED_FUNCTION = YES;
				GCC_WARN_UNUSED_VARIABLE = YES;
				IPHONEOS_DEPLOYMENT_TARGET = 11.4;
				MTL_ENABLE_DEBUG_INFO = NO;
				SDKROOT = iphoneos;
				SWIFT_COMPILATION_MODE = wholemodule;
				SWIFT_OPTIMIZATION_LEVEL = "-O";
				VALIDATE_PRODUCT = YES;
			};
			name = Release;
		};
		65C5C7F72146299B0061F884 /* Debug */ = {
			isa = XCBuildConfiguration;
			baseConfigurationReference = D2F16CE1EB45C20E1AF67012 /* Pods-LvMP.debug.xcconfig */;
			buildSettings = {
				ASSETCATALOG_COMPILER_APPICON_NAME = AppIcon;
				CODE_SIGN_STYLE = Automatic;
				DEVELOPMENT_TEAM = 5SS54HZR7B;
				INFOPLIST_FILE = LvMP/Info.plist;
				LD_RUNPATH_SEARCH_PATHS = (
					"$(inherited)",
					"@executable_path/Frameworks",
				);
				PRODUCT_BUNDLE_IDENTIFIER = KakaoTocs.LvMP;
				PRODUCT_NAME = "$(TARGET_NAME)";
				SWIFT_VERSION = 4.2;
				TARGETED_DEVICE_FAMILY = "1,2";
			};
			name = Debug;
		};
		65C5C7F82146299B0061F884 /* Release */ = {
			isa = XCBuildConfiguration;
			baseConfigurationReference = 38BF3092048BFBF9E6190E82 /* Pods-LvMP.release.xcconfig */;
			buildSettings = {
				ASSETCATALOG_COMPILER_APPICON_NAME = AppIcon;
				CODE_SIGN_STYLE = Automatic;
				DEVELOPMENT_TEAM = 5SS54HZR7B;
				INFOPLIST_FILE = LvMP/Info.plist;
				LD_RUNPATH_SEARCH_PATHS = (
					"$(inherited)",
					"@executable_path/Frameworks",
				);
				PRODUCT_BUNDLE_IDENTIFIER = KakaoTocs.LvMP;
				PRODUCT_NAME = "$(TARGET_NAME)";
				SWIFT_VERSION = 4.2;
				TARGETED_DEVICE_FAMILY = "1,2";
			};
			name = Release;
		};
/* End XCBuildConfiguration section */

/* Begin XCConfigurationList section */
		65C5C7DF2146299A0061F884 /* Build configuration list for PBXProject "LvMP" */ = {
			isa = XCConfigurationList;
			buildConfigurations = (
				65C5C7F42146299B0061F884 /* Debug */,
				65C5C7F52146299B0061F884 /* Release */,
			);
			defaultConfigurationIsVisible = 0;
			defaultConfigurationName = Release;
		};
		65C5C7F62146299B0061F884 /* Build configuration list for PBXNativeTarget "LvMP" */ = {
			isa = XCConfigurationList;
			buildConfigurations = (
				65C5C7F72146299B0061F884 /* Debug */,
				65C5C7F82146299B0061F884 /* Release */,
			);
			defaultConfigurationIsVisible = 0;
			defaultConfigurationName = Release;
		};
/* End XCConfigurationList section */
	};
	rootObject = 65C5C7DC2146299A0061F884 /* Project object */;
}
