PODS:
  - Alamofire (4.7.3)
  - Crashlytics (3.10.8):
    - Fabric (~> 1.7.12)
  - Fabric (1.7.12)
  - Kanna (4.0.2)
  - Kingfisher (4.10.0)
  - MediaKeyTap (2.1.0)
  - Moya/Core (11.0.2):
    - Alamofire (~> 4.1)
    - Result (~> 3.0)
  - Moya/RxSwift (11.0.2):
    - Moya/Core
    - RxSwift (~> 4.0)
  - Nimble (7.3.1)
  - Quick (1.3.2)
  - Realm (3.10.0):
    - Realm/Headers (= 3.10.0)
  - Realm/Headers (3.10.0)
  - RealmSwift (3.10.0):
    - Realm (= 3.10.0)
  - Result (3.2.4)
  - RxBlocking (4.3.1):
    - RxSwift (~> 4.0)
  - RxCocoa (4.3.1):
    - RxSwift (~> 4.0)
  - RxRealm (0.7.5):
    - RealmSwift (~> 3.0)
    - RxSwift (~> 4.0)
  - RxRealmDataSources (0.2.9):
    - RealmSwift (~> 3.0)
    - RxCocoa (~> 4.0)
    - RxRealm (~> 0.7.3)
    - RxSwift (~> 4.0)
  - RxSwift (4.3.1)
  - RxTest (4.3.1):
    - RxSwift (~> 4.0)
  - SnapKit (4.0.1)

DEPENDENCIES:
  - Crashlytics
  - Fabric
  - Kanna (~> 4.0.0)
  - Kingfisher (~> 4.7)
  - MediaKeyTap
  - Moya/RxSwift (~> 11.0)
  - Nimble
  - Quick
  - RealmSwift
  - RxBlocking (~> 4.0)
  - RxCocoa (~> 4.0)
  - RxRealmDataSources
  - RxSwift (~> 4.0)
  - RxTest (~> 4.0)
  - SnapKit

SPEC REPOS:
  https://github.com/cocoapods/specs.git:
    - Alamofire
    - Crashlytics
    - Fabric
    - Kanna
    - Kingfisher
    - MediaKeyTap
    - Moya
    - Nimble
    - Quick
    - Realm
    - RealmSwift
    - Result
    - RxBlocking
    - RxCocoa
    - RxRealm
    - RxRealmDataSources
    - RxSwift
    - RxTest
    - SnapKit

SPEC CHECKSUMS:
  Alamofire: c7287b6e5d7da964a70935e5db17046b7fde6568
  Crashlytics: 058dc1ba579f6c100bc60a6878703779bff383c4
  Fabric: d7387db9a31aadff63b147a4b91d982c53afaa4f
  Kanna: c60b61d72554bf04ed1ee074f9b379855cab4892
  Kingfisher: 43c4b802d8b5256cf1f4379e9cd10b329be6d3e2
  MediaKeyTap: 1849cb1882ebd1ece5fed6b3cec6565a5f30da00
  Moya: a725035953bc1c0eb1be505ab903984501d82440
  Nimble: 04f732da099ea4d153122aec8c2a88fd0c7219ae
  Quick: 2623cb30d7a7f41ca62f684f679586558f483d46
  Realm: 85ab9e4f779d66f6e9ffeb118dc25b7f130c96ac
  RealmSwift: 69121c8b86d0ae005fb779efdb10e606732e1c74
  Result: d2d07204ce72856f1fd9130bbe42c35a7b0fea10
  RxBlocking: 64c051285261ca2339481e91b5f70eb06b03660a
  RxCocoa: 78763c7b07d02455598d9fc3c1ad091a28b73635
  RxRealm: a6c6c0a07cb61f34209969ca6657734edfdfff30
  RxRealmDataSources: 798303f1d7db18d80da9e95bab9605010378040e
  RxSwift: fe0fd770a43acdb7d0a53da411c9b892e69bb6e4
  RxTest: ea97a208826906f3904c0debdd09575ebcbfe216
  SnapKit: 0de968a9fec17499afa29683b05d0c775b6d1c29

PODFILE CHECKSUM: bcd4eb84e5b117bf9f024c37ad2c1f95471f1e3e

COCOAPODS: 1.5.3
